
Microsoft Visual Studio Solution File, Format Version 12.00
# Visual Studio Version 16
VisualStudioVersion = 16.0.30621.155
MinimumVisualStudioVersion = 10.0.40219.1
Project("{8BC9CEB8-8B4A-11D0-8D11-00A0C91BC942}") = "libpng", "libpng\libpng.vcxproj", "{82C540B0-9C55-4EEA-A1B4-7FBAA21F88A9}"
EndProject
Project("{8BC9CEB8-8B4A-11D0-8D11-00A0C91BC942}") = "zlib", "zlib\zlib.vcxproj", "{79AD3C85-DBDA-478F-BC68-8D2AA0A9D17B}"
EndProject
Project("{8BC9CEB8-8B4A-11D0-8D11-00A0C91BC942}") = "libjpeg", "libjpeg\libjpeg.vcxproj", "{8518D9B1-8A39-4006-8FC0-5378DF9B846E}"
EndProject
Project("{8BC9CEB8-8B4A-11D0-8D11-00A0C91BC942}") = "image", "image\image.vcxproj", "{1A3F0824-F54A-45C6-BC7B-BE0AD0D9CD94}"
EndProject
Project("{8BC9CEB8-8B4A-11D0-8D11-00A0C91BC942}") = "filter", "filter\filter.vcxproj", "{274642CE-B94C-4CF1-8CDF-25ED6B89409F}"
	ProjectSection(ProjectDependencies) = postProject
		{6AB4AE0A-A669-431C-9959-886BD5815234} = {6AB4AE0A-A669-431C-9959-886BD5815234}
	EndProjectSection
EndProject
Project("{8BC9CEB8-8B4A-11D0-8D11-00A0C91BC942}") = "kernel", "kernel\kernel.vcxproj", "{6AB4AE0A-A669-431C-9959-886BD5815234}"
EndProject
Global
	GlobalSection(SolutionConfigurationPlatforms) = preSolution
		Debug Fast Shader|Mixed Platforms = Debug Fast Shader|Mixed Platforms
		Debug Fast Shader|Win32 = Debug Fast Shader|Win32
		Debug Fast Shader|x64 = Debug Fast Shader|x64
		Debug Faster|Mixed Platforms = Debug Faster|Mixed Platforms
		Debug Faster|Win32 = Debug Faster|Win32
		Debug Faster|x64 = Debug Faster|x64
		Debug|Mixed Platforms = Debug|Mixed Platforms
		Debug|Win32 = Debug|Win32
		Debug|x64 = Debug|x64
		Profile|Mixed Platforms = Profile|Mixed Platforms
		Profile|Win32 = Profile|Win32
		Profile|x64 = Profile|x64
		Release_Laptop|Mixed Platforms = Release_Laptop|Mixed Platforms
		Release_Laptop|Win32 = Release_Laptop|Win32
		Release_Laptop|x64 = Release_Laptop|x64
		Release_Timings|Mixed Platforms = Release_Timings|Mixed Platforms
		Release_Timings|Win32 = Release_Timings|Win32
		Release_Timings|x64 = Release_Timings|x64
		Release|Mixed Platforms = Release|Mixed Platforms
		Release|Win32 = Release|Win32
		Release|x64 = Release|x64
		Release2|Mixed Platforms = Release2|Mixed Platforms
		Release2|Win32 = Release2|Win32
		Release2|x64 = Release2|x64
	EndGlobalSection
	GlobalSection(ProjectConfigurationPlatforms) = postSolution
		{82C540B0-9C55-4EEA-A1B4-7FBAA21F88A9}.Debug Fast Shader|Mixed Platforms.ActiveCfg = Debug|Win32
		{82C540B0-9C55-4EEA-A1B4-7FBAA21F88A9}.Debug Fast Shader|Mixed Platforms.Build.0 = Debug|Win32
		{82C540B0-9C55-4EEA-A1B4-7FBAA21F88A9}.Debug Fast Shader|Win32.ActiveCfg = Debug|Win32
		{82C540B0-9C55-4EEA-A1B4-7FBAA21F88A9}.Debug Fast Shader|Win32.Build.0 = Debug|Win32
		{82C540B0-9C55-4EEA-A1B4-7FBAA21F88A9}.Debug Fast Shader|x64.ActiveCfg = Debug|x64
		{82C540B0-9C55-4EEA-A1B4-7FBAA21F88A9}.Debug Fast Shader|x64.Build.0 = Debug|x64
		{82C540B0-9C55-4EEA-A1B4-7FBAA21F88A9}.Debug Faster|Mixed Platforms.ActiveCfg = Debug Faster|Win32
		{82C540B0-9C55-4EEA-A1B4-7FBAA21F88A9}.Debug Faster|Mixed Platforms.Build.0 = Debug Faster|Win32
		{82C540B0-9C55-4EEA-A1B4-7FBAA21F88A9}.Debug Faster|Win32.ActiveCfg = Debug Faster|Win32
		{82C540B0-9C55-4EEA-A1B4-7FBAA21F88A9}.Debug Faster|Win32.Build.0 = Debug Faster|Win32
		{82C540B0-9C55-4EEA-A1B4-7FBAA21F88A9}.Debug Faster|x64.ActiveCfg = Debug Faster|x64
		{82C540B0-9C55-4EEA-A1B4-7FBAA21F88A9}.Debug Faster|x64.Build.0 = Debug Faster|x64
		{82C540B0-9C55-4EEA-A1B4-7FBAA21F88A9}.Debug|Mixed Platforms.ActiveCfg = Debug|Win32
		{82C540B0-9C55-4EEA-A1B4-7FBAA21F88A9}.Debug|Mixed Platforms.Build.0 = Debug|Win32
		{82C540B0-9C55-4EEA-A1B4-7FBAA21F88A9}.Debug|Win32.ActiveCfg = Debug|Win32
		{82C540B0-9C55-4EEA-A1B4-7FBAA21F88A9}.Debug|Win32.Build.0 = Debug|Win32
		{82C540B0-9C55-4EEA-A1B4-7FBAA21F88A9}.Debug|x64.ActiveCfg = Debug|x64
		{82C540B0-9C55-4EEA-A1B4-7FBAA21F88A9}.Debug|x64.Build.0 = Debug|x64
		{82C540B0-9C55-4EEA-A1B4-7FBAA21F88A9}.Profile|Mixed Platforms.ActiveCfg = Profile|Win32
		{82C540B0-9C55-4EEA-A1B4-7FBAA21F88A9}.Profile|Mixed Platforms.Build.0 = Profile|Win32
		{82C540B0-9C55-4EEA-A1B4-7FBAA21F88A9}.Profile|Win32.ActiveCfg = Profile|Win32
		{82C540B0-9C55-4EEA-A1B4-7FBAA21F88A9}.Profile|Win32.Build.0 = Profile|Win32
		{82C540B0-9C55-4EEA-A1B4-7FBAA21F88A9}.Profile|x64.ActiveCfg = Profile|x64
		{82C540B0-9C55-4EEA-A1B4-7FBAA21F88A9}.Profile|x64.Build.0 = Profile|x64
		{82C540B0-9C55-4EEA-A1B4-7FBAA21F88A9}.Release_Laptop|Mixed Platforms.ActiveCfg = Release|Win32
		{82C540B0-9C55-4EEA-A1B4-7FBAA21F88A9}.Release_Laptop|Mixed Platforms.Build.0 = Release|Win32
		{82C540B0-9C55-4EEA-A1B4-7FBAA21F88A9}.Release_Laptop|Win32.ActiveCfg = Release|Win32
		{82C540B0-9C55-4EEA-A1B4-7FBAA21F88A9}.Release_Laptop|Win32.Build.0 = Release|Win32
		{82C540B0-9C55-4EEA-A1B4-7FBAA21F88A9}.Release_Laptop|x64.ActiveCfg = Release|x64
		{82C540B0-9C55-4EEA-A1B4-7FBAA21F88A9}.Release_Laptop|x64.Build.0 = Release|x64
		{82C540B0-9C55-4EEA-A1B4-7FBAA21F88A9}.Release_Timings|Mixed Platforms.ActiveCfg = Release|Win32
		{82C540B0-9C55-4EEA-A1B4-7FBAA21F88A9}.Release_Timings|Mixed Platforms.Build.0 = Release|Win32
		{82C540B0-9C55-4EEA-A1B4-7FBAA21F88A9}.Release_Timings|Win32.ActiveCfg = Release|Win32
		{82C540B0-9C55-4EEA-A1B4-7FBAA21F88A9}.Release_Timings|Win32.Build.0 = Release|Win32
		{82C540B0-9C55-4EEA-A1B4-7FBAA21F88A9}.Release_Timings|x64.ActiveCfg = Release|x64
		{82C540B0-9C55-4EEA-A1B4-7FBAA21F88A9}.Release_Timings|x64.Build.0 = Release|x64
		{82C540B0-9C55-4EEA-A1B4-7FBAA21F88A9}.Release|Mixed Platforms.ActiveCfg = Release|Win32
		{82C540B0-9C55-4EEA-A1B4-7FBAA21F88A9}.Release|Mixed Platforms.Build.0 = Release|Win32
		{82C540B0-9C55-4EEA-A1B4-7FBAA21F88A9}.Release|Win32.ActiveCfg = Release|Win32
		{82C540B0-9C55-4EEA-A1B4-7FBAA21F88A9}.Release|Win32.Build.0 = Release|Win32
		{82C540B0-9C55-4EEA-A1B4-7FBAA21F88A9}.Release|x64.ActiveCfg = Release|x64
		{82C540B0-9C55-4EEA-A1B4-7FBAA21F88A9}.Release|x64.Build.0 = Release|x64
		{82C540B0-9C55-4EEA-A1B4-7FBAA21F88A9}.Release2|Mixed Platforms.ActiveCfg = Release2|Win32
		{82C540B0-9C55-4EEA-A1B4-7FBAA21F88A9}.Release2|Mixed Platforms.Build.0 = Release2|Win32
		{82C540B0-9C55-4EEA-A1B4-7FBAA21F88A9}.Release2|Win32.ActiveCfg = Release2|Win32
		{82C540B0-9C55-4EEA-A1B4-7FBAA21F88A9}.Release2|Win32.Build.0 = Release2|Win32
		{82C540B0-9C55-4EEA-A1B4-7FBAA21F88A9}.Release2|x64.ActiveCfg = Release2|x64
		{82C540B0-9C55-4EEA-A1B4-7FBAA21F88A9}.Release2|x64.Build.0 = Release2|x64
		{79AD3C85-DBDA-478F-BC68-8D2AA0A9D17B}.Debug Fast Shader|Mixed Platforms.ActiveCfg = Debug|Win32
		{79AD3C85-DBDA-478F-BC68-8D2AA0A9D17B}.Debug Fast Shader|Mixed Platforms.Build.0 = Debug|Win32
		{79AD3C85-DBDA-478F-BC68-8D2AA0A9D17B}.Debug Fast Shader|Win32.ActiveCfg = Debug|Win32
		{79AD3C85-DBDA-478F-BC68-8D2AA0A9D17B}.Debug Fast Shader|Win32.Build.0 = Debug|Win32
		{79AD3C85-DBDA-478F-BC68-8D2AA0A9D17B}.Debug Fast Shader|x64.ActiveCfg = Debug|x64
		{79AD3C85-DBDA-478F-BC68-8D2AA0A9D17B}.Debug Fast Shader|x64.Build.0 = Debug|x64
		{79AD3C85-DBDA-478F-BC68-8D2AA0A9D17B}.Debug Faster|Mixed Platforms.ActiveCfg = Debug Faster|Win32
		{79AD3C85-DBDA-478F-BC68-8D2AA0A9D17B}.Debug Faster|Mixed Platforms.Build.0 = Debug Faster|Win32
		{79AD3C85-DBDA-478F-BC68-8D2AA0A9D17B}.Debug Faster|Win32.ActiveCfg = Debug Faster|Win32
		{79AD3C85-DBDA-478F-BC68-8D2AA0A9D17B}.Debug Faster|Win32.Build.0 = Debug Faster|Win32
		{79AD3C85-DBDA-478F-BC68-8D2AA0A9D17B}.Debug Faster|x64.ActiveCfg = Debug Faster|x64
		{79AD3C85-DBDA-478F-BC68-8D2AA0A9D17B}.Debug Faster|x64.Build.0 = Debug Faster|x64
		{79AD3C85-DBDA-478F-BC68-8D2AA0A9D17B}.Debug|Mixed Platforms.ActiveCfg = Debug|Win32
		{79AD3C85-DBDA-478F-BC68-8D2AA0A9D17B}.Debug|Mixed Platforms.Build.0 = Debug|Win32
		{79AD3C85-DBDA-478F-BC68-8D2AA0A9D17B}.Debug|Win32.ActiveCfg = Debug|Win32
		{79AD3C85-DBDA-478F-BC68-8D2AA0A9D17B}.Debug|Win32.Build.0 = Debug|Win32
		{79AD3C85-DBDA-478F-BC68-8D2AA0A9D17B}.Debug|x64.ActiveCfg = Debug|x64
		{79AD3C85-DBDA-478F-BC68-8D2AA0A9D17B}.Debug|x64.Build.0 = Debug|x64
		{79AD3C85-DBDA-478F-BC68-8D2AA0A9D17B}.Profile|Mixed Platforms.ActiveCfg = Profile|Win32
		{79AD3C85-DBDA-478F-BC68-8D2AA0A9D17B}.Profile|Mixed Platforms.Build.0 = Profile|Win32
		{79AD3C85-DBDA-478F-BC68-8D2AA0A9D17B}.Profile|Win32.ActiveCfg = Profile|Win32
		{79AD3C85-DBDA-478F-BC68-8D2AA0A9D17B}.Profile|Win32.Build.0 = Profile|Win32
		{79AD3C85-DBDA-478F-BC68-8D2AA0A9D17B}.Profile|x64.ActiveCfg = Profile|x64
		{79AD3C85-DBDA-478F-BC68-8D2AA0A9D17B}.Profile|x64.Build.0 = Profile|x64
		{79AD3C85-DBDA-478F-BC68-8D2AA0A9D17B}.Release_Laptop|Mixed Platforms.ActiveCfg = Release|Win32
		{79AD3C85-DBDA-478F-BC68-8D2AA0A9D17B}.Release_Laptop|Mixed Platforms.Build.0 = Release|Win32
		{79AD3C85-DBDA-478F-BC68-8D2AA0A9D17B}.Release_Laptop|Win32.ActiveCfg = Release|Win32
		{79AD3C85-DBDA-478F-BC68-8D2AA0A9D17B}.Release_Laptop|Win32.Build.0 = Release|Win32
		{79AD3C85-DBDA-478F-BC68-8D2AA0A9D17B}.Release_Laptop|x64.ActiveCfg = Release|x64
		{79AD3C85-DBDA-478F-BC68-8D2AA0A9D17B}.Release_Laptop|x64.Build.0 = Release|x64
		{79AD3C85-DBDA-478F-BC68-8D2AA0A9D17B}.Release_Timings|Mixed Platforms.ActiveCfg = Release|Win32
		{79AD3C85-DBDA-478F-BC68-8D2AA0A9D17B}.Release_Timings|Mixed Platforms.Build.0 = Release|Win32
		{79AD3C85-DBDA-478F-BC68-8D2AA0A9D17B}.Release_Timings|Win32.ActiveCfg = Release|Win32
		{79AD3C85-DBDA-478F-BC68-8D2AA0A9D17B}.Release_Timings|Win32.Build.0 = Release|Win32
		{79AD3C85-DBDA-478F-BC68-8D2AA0A9D17B}.Release_Timings|x64.ActiveCfg = Release|x64
		{79AD3C85-DBDA-478F-BC68-8D2AA0A9D17B}.Release_Timings|x64.Build.0 = Release|x64
		{79AD3C85-DBDA-478F-BC68-8D2AA0A9D17B}.Release|Mixed Platforms.ActiveCfg = Release|Win32
		{79AD3C85-DBDA-478F-BC68-8D2AA0A9D17B}.Release|Mixed Platforms.Build.0 = Release|Win32
		{79AD3C85-DBDA-478F-BC68-8D2AA0A9D17B}.Release|Win32.ActiveCfg = Release|Win32
		{79AD3C85-DBDA-478F-BC68-8D2AA0A9D17B}.Release|Win32.Build.0 = Release|Win32
		{79AD3C85-DBDA-478F-BC68-8D2AA0A9D17B}.Release|x64.ActiveCfg = Release|x64
		{79AD3C85-DBDA-478F-BC68-8D2AA0A9D17B}.Release|x64.Build.0 = Release|x64
		{79AD3C85-DBDA-478F-BC68-8D2AA0A9D17B}.Release2|Mixed Platforms.ActiveCfg = Release2|Win32
		{79AD3C85-DBDA-478F-BC68-8D2AA0A9D17B}.Release2|Mixed Platforms.Build.0 = Release2|Win32
		{79AD3C85-DBDA-478F-BC68-8D2AA0A9D17B}.Release2|Win32.ActiveCfg = Release2|Win32
		{79AD3C85-DBDA-478F-BC68-8D2AA0A9D17B}.Release2|Win32.Build.0 = Release2|Win32
		{79AD3C85-DBDA-478F-BC68-8D2AA0A9D17B}.Release2|x64.ActiveCfg = Release2|x64
		{79AD3C85-DBDA-478F-BC68-8D2AA0A9D17B}.Release2|x64.Build.0 = Release2|x64
		{8518D9B1-8A39-4006-8FC0-5378DF9B846E}.Debug Fast Shader|Mixed Platforms.ActiveCfg = Debug|Win32
		{8518D9B1-8A39-4006-8FC0-5378DF9B846E}.Debug Fast Shader|Mixed Platforms.Build.0 = Debug|Win32
		{8518D9B1-8A39-4006-8FC0-5378DF9B846E}.Debug Fast Shader|Win32.ActiveCfg = Debug|Win32
		{8518D9B1-8A39-4006-8FC0-5378DF9B846E}.Debug Fast Shader|Win32.Build.0 = Debug|Win32
		{8518D9B1-8A39-4006-8FC0-5378DF9B846E}.Debug Fast Shader|x64.ActiveCfg = Debug|x64
		{8518D9B1-8A39-4006-8FC0-5378DF9B846E}.Debug Fast Shader|x64.Build.0 = Debug|x64
		{8518D9B1-8A39-4006-8FC0-5378DF9B846E}.Debug Faster|Mixed Platforms.ActiveCfg = Debug Faster|Win32
		{8518D9B1-8A39-4006-8FC0-5378DF9B846E}.Debug Faster|Mixed Platforms.Build.0 = Debug Faster|Win32
		{8518D9B1-8A39-4006-8FC0-5378DF9B846E}.Debug Faster|Win32.ActiveCfg = Debug Faster|Win32
		{8518D9B1-8A39-4006-8FC0-5378DF9B846E}.Debug Faster|Win32.Build.0 = Debug Faster|Win32
		{8518D9B1-8A39-4006-8FC0-5378DF9B846E}.Debug Faster|x64.ActiveCfg = Debug Faster|x64
		{8518D9B1-8A39-4006-8FC0-5378DF9B846E}.Debug Faster|x64.Build.0 = Debug Faster|x64
		{8518D9B1-8A39-4006-8FC0-5378DF9B846E}.Debug|Mixed Platforms.ActiveCfg = Debug|Win32
		{8518D9B1-8A39-4006-8FC0-5378DF9B846E}.Debug|Mixed Platforms.Build.0 = Debug|Win32
		{8518D9B1-8A39-4006-8FC0-5378DF9B846E}.Debug|Win32.ActiveCfg = Debug|Win32
		{8518D9B1-8A39-4006-8FC0-5378DF9B846E}.Debug|Win32.Build.0 = Debug|Win32
		{8518D9B1-8A39-4006-8FC0-5378DF9B846E}.Debug|x64.ActiveCfg = Debug|x64
		{8518D9B1-8A39-4006-8FC0-5378DF9B846E}.Debug|x64.Build.0 = Debug|x64
		{8518D9B1-8A39-4006-8FC0-5378DF9B846E}.Profile|Mixed Platforms.ActiveCfg = Profile|Win32
		{8518D9B1-8A39-4006-8FC0-5378DF9B846E}.Profile|Mixed Platforms.Build.0 = Profile|Win32
		{8518D9B1-8A39-4006-8FC0-5378DF9B846E}.Profile|Win32.ActiveCfg = Profile|Win32
		{8518D9B1-8A39-4006-8FC0-5378DF9B846E}.Profile|Win32.Build.0 = Profile|Win32
		{8518D9B1-8A39-4006-8FC0-5378DF9B846E}.Profile|x64.ActiveCfg = Profile|x64
		{8518D9B1-8A39-4006-8FC0-5378DF9B846E}.Profile|x64.Build.0 = Profile|x64
		{8518D9B1-8A39-4006-8FC0-5378DF9B846E}.Release_Laptop|Mixed Platforms.ActiveCfg = Release|Win32
		{8518D9B1-8A39-4006-8FC0-5378DF9B846E}.Release_Laptop|Mixed Platforms.Build.0 = Release|Win32
		{8518D9B1-8A39-4006-8FC0-5378DF9B846E}.Release_Laptop|Win32.ActiveCfg = Release|Win32
		{8518D9B1-8A39-4006-8FC0-5378DF9B846E}.Release_Laptop|Win32.Build.0 = Release|Win32
		{8518D9B1-8A39-4006-8FC0-5378DF9B846E}.Release_Laptop|x64.ActiveCfg = Release|x64
		{8518D9B1-8A39-4006-8FC0-5378DF9B846E}.Release_Laptop|x64.Build.0 = Release|x64
		{8518D9B1-8A39-4006-8FC0-5378DF9B846E}.Release_Timings|Mixed Platforms.ActiveCfg = Release|Win32
		{8518D9B1-8A39-4006-8FC0-5378DF9B846E}.Release_Timings|Mixed Platforms.Build.0 = Release|Win32
		{8518D9B1-8A39-4006-8FC0-5378DF9B846E}.Release_Timings|Win32.ActiveCfg = Release|Win32
		{8518D9B1-8A39-4006-8FC0-5378DF9B846E}.Release_Timings|Win32.Build.0 = Release|Win32
		{8518D9B1-8A39-4006-8FC0-5378DF9B846E}.Release_Timings|x64.ActiveCfg = Release|x64
		{8518D9B1-8A39-4006-8FC0-5378DF9B846E}.Release_Timings|x64.Build.0 = Release|x64
		{8518D9B1-8A39-4006-8FC0-5378DF9B846E}.Release|Mixed Platforms.ActiveCfg = Release|Win32
		{8518D9B1-8A39-4006-8FC0-5378DF9B846E}.Release|Mixed Platforms.Build.0 = Release|Win32
		{8518D9B1-8A39-4006-8FC0-5378DF9B846E}.Release|Win32.ActiveCfg = Release|Win32
		{8518D9B1-8A39-4006-8FC0-5378DF9B846E}.Release|Win32.Build.0 = Release|Win32
		{8518D9B1-8A39-4006-8FC0-5378DF9B846E}.Release|x64.ActiveCfg = Release|x64
		{8518D9B1-8A39-4006-8FC0-5378DF9B846E}.Release|x64.Build.0 = Release|x64
		{8518D9B1-8A39-4006-8FC0-5378DF9B846E}.Release2|Mixed Platforms.ActiveCfg = Release2|Win32
		{8518D9B1-8A39-4006-8FC0-5378DF9B846E}.Release2|Mixed Platforms.Build.0 = Release2|Win32
		{8518D9B1-8A39-4006-8FC0-5378DF9B846E}.Release2|Win32.ActiveCfg = Release2|Win32
		{8518D9B1-8A39-4006-8FC0-5378DF9B846E}.Release2|Win32.Build.0 = Release2|Win32
		{8518D9B1-8A39-4006-8FC0-5378DF9B846E}.Release2|x64.ActiveCfg = Release2|x64
		{8518D9B1-8A39-4006-8FC0-5378DF9B846E}.Release2|x64.Build.0 = Release2|x64
		{1A3F0824-F54A-45C6-BC7B-BE0AD0D9CD94}.Debug Fast Shader|Mixed Platforms.ActiveCfg = Debug|Win32
		{1A3F0824-F54A-45C6-BC7B-BE0AD0D9CD94}.Debug Fast Shader|Mixed Platforms.Build.0 = Debug|Win32
		{1A3F0824-F54A-45C6-BC7B-BE0AD0D9CD94}.Debug Fast Shader|Win32.ActiveCfg = Debug Fast Shader|Win32
		{1A3F0824-F54A-45C6-BC7B-BE0AD0D9CD94}.Debug Fast Shader|Win32.Build.0 = Debug Fast Shader|Win32
		{1A3F0824-F54A-45C6-BC7B-BE0AD0D9CD94}.Debug Fast Shader|x64.ActiveCfg = Debug Fast Shader|x64
		{1A3F0824-F54A-45C6-BC7B-BE0AD0D9CD94}.Debug Fast Shader|x64.Build.0 = Debug Fast Shader|x64
		{1A3F0824-F54A-45C6-BC7B-BE0AD0D9CD94}.Debug Faster|Mixed Platforms.ActiveCfg = Debug|Win32
		{1A3F0824-F54A-45C6-BC7B-BE0AD0D9CD94}.Debug Faster|Mixed Platforms.Build.0 = Debug|Win32
		{1A3F0824-F54A-45C6-BC7B-BE0AD0D9CD94}.Debug Faster|Win32.ActiveCfg = Debug|Win32
		{1A3F0824-F54A-45C6-BC7B-BE0AD0D9CD94}.Debug Faster|Win32.Build.0 = Debug|Win32
		{1A3F0824-F54A-45C6-BC7B-BE0AD0D9CD94}.Debug Faster|x64.ActiveCfg = Debug Faster|x64
		{1A3F0824-F54A-45C6-BC7B-BE0AD0D9CD94}.Debug Faster|x64.Build.0 = Debug Faster|x64
		{1A3F0824-F54A-45C6-BC7B-BE0AD0D9CD94}.Debug|Mixed Platforms.ActiveCfg = Debug|Win32
		{1A3F0824-F54A-45C6-BC7B-BE0AD0D9CD94}.Debug|Mixed Platforms.Build.0 = Debug|Win32
		{1A3F0824-F54A-45C6-BC7B-BE0AD0D9CD94}.Debug|Win32.ActiveCfg = Debug|Win32
		{1A3F0824-F54A-45C6-BC7B-BE0AD0D9CD94}.Debug|Win32.Build.0 = Debug|Win32
		{1A3F0824-F54A-45C6-BC7B-BE0AD0D9CD94}.Debug|x64.ActiveCfg = Debug|x64
		{1A3F0824-F54A-45C6-BC7B-BE0AD0D9CD94}.Debug|x64.Build.0 = Debug|x64
		{1A3F0824-F54A-45C6-BC7B-BE0AD0D9CD94}.Profile|Mixed Platforms.ActiveCfg = Release|Win32
		{1A3F0824-F54A-45C6-BC7B-BE0AD0D9CD94}.Profile|Mixed Platforms.Build.0 = Release|Win32
		{1A3F0824-F54A-45C6-BC7B-BE0AD0D9CD94}.Profile|Win32.ActiveCfg = Release|Win32
		{1A3F0824-F54A-45C6-BC7B-BE0AD0D9CD94}.Profile|Win32.Build.0 = Release|Win32
		{1A3F0824-F54A-45C6-BC7B-BE0AD0D9CD94}.Profile|x64.ActiveCfg = Profile|x64
		{1A3F0824-F54A-45C6-BC7B-BE0AD0D9CD94}.Profile|x64.Build.0 = Profile|x64
		{1A3F0824-F54A-45C6-BC7B-BE0AD0D9CD94}.Release_Laptop|Mixed Platforms.ActiveCfg = Release|Win32
		{1A3F0824-F54A-45C6-BC7B-BE0AD0D9CD94}.Release_Laptop|Mixed Platforms.Build.0 = Release|Win32
		{1A3F0824-F54A-45C6-BC7B-BE0AD0D9CD94}.Release_Laptop|Win32.ActiveCfg = Release|Win32
		{1A3F0824-F54A-45C6-BC7B-BE0AD0D9CD94}.Release_Laptop|Win32.Build.0 = Release|Win32
		{1A3F0824-F54A-45C6-BC7B-BE0AD0D9CD94}.Release_Laptop|x64.ActiveCfg = Release|x64
		{1A3F0824-F54A-45C6-BC7B-BE0AD0D9CD94}.Release_Laptop|x64.Build.0 = Release|x64
		{1A3F0824-F54A-45C6-BC7B-BE0AD0D9CD94}.Release_Timings|Mixed Platforms.ActiveCfg = Release|Win32
		{1A3F0824-F54A-45C6-BC7B-BE0AD0D9CD94}.Release_Timings|Mixed Platforms.Build.0 = Release|Win32
		{1A3F0824-F54A-45C6-BC7B-BE0AD0D9CD94}.Release_Timings|Win32.ActiveCfg = Release|Win32
		{1A3F0824-F54A-45C6-BC7B-BE0AD0D9CD94}.Release_Timings|Win32.Build.0 = Release|Win32
		{1A3F0824-F54A-45C6-BC7B-BE0AD0D9CD94}.Release_Timings|x64.ActiveCfg = Release_Timings|x64
		{1A3F0824-F54A-45C6-BC7B-BE0AD0D9CD94}.Release_Timings|x64.Build.0 = Release_Timings|x64
		{1A3F0824-F54A-45C6-BC7B-BE0AD0D9CD94}.Release|Mixed Platforms.ActiveCfg = Release|Win32
		{1A3F0824-F54A-45C6-BC7B-BE0AD0D9CD94}.Release|Mixed Platforms.Build.0 = Release|Win32
		{1A3F0824-F54A-45C6-BC7B-BE0AD0D9CD94}.Release|Win32.ActiveCfg = Release|Win32
		{1A3F0824-F54A-45C6-BC7B-BE0AD0D9CD94}.Release|Win32.Build.0 = Release|Win32
		{1A3F0824-F54A-45C6-BC7B-BE0AD0D9CD94}.Release|x64.ActiveCfg = Release|x64
		{1A3F0824-F54A-45C6-BC7B-BE0AD0D9CD94}.Release|x64.Build.0 = Release|x64
		{1A3F0824-F54A-45C6-BC7B-BE0AD0D9CD94}.Release2|Mixed Platforms.ActiveCfg = Release|Win32
		{1A3F0824-F54A-45C6-BC7B-BE0AD0D9CD94}.Release2|Mixed Platforms.Build.0 = Release|Win32
		{1A3F0824-F54A-45C6-BC7B-BE0AD0D9CD94}.Release2|Win32.ActiveCfg = Release|Win32
		{1A3F0824-F54A-45C6-BC7B-BE0AD0D9CD94}.Release2|Win32.Build.0 = Release|Win32
		{1A3F0824-F54A-45C6-BC7B-BE0AD0D9CD94}.Release2|x64.ActiveCfg = Release2|x64
		{1A3F0824-F54A-45C6-BC7B-BE0AD0D9CD94}.Release2|x64.Build.0 = Release2|x64
		{274642CE-B94C-4CF1-8CDF-25ED6B89409F}.Debug Fast Shader|Mixed Platforms.ActiveCfg = Debug|Win32
		{274642CE-B94C-4CF1-8CDF-25ED6B89409F}.Debug Fast Shader|Mixed Platforms.Build.0 = Debug|Win32
		{274642CE-B94C-4CF1-8CDF-25ED6B89409F}.Debug Fast Shader|Win32.ActiveCfg = Debug Fast Shader|Win32
		{274642CE-B94C-4CF1-8CDF-25ED6B89409F}.Debug Fast Shader|Win32.Build.0 = Debug Fast Shader|Win32
		{274642CE-B94C-4CF1-8CDF-25ED6B89409F}.Debug Fast Shader|x64.ActiveCfg = Debug Fast Shader|x64
		{274642CE-B94C-4CF1-8CDF-25ED6B89409F}.Debug Fast Shader|x64.Build.0 = Debug Fast Shader|x64
		{274642CE-B94C-4CF1-8CDF-25ED6B89409F}.Debug Faster|Mixed Platforms.ActiveCfg = Debug|Win32
		{274642CE-B94C-4CF1-8CDF-25ED6B89409F}.Debug Faster|Mixed Platforms.Build.0 = Debug|Win32
		{274642CE-B94C-4CF1-8CDF-25ED6B89409F}.Debug Faster|Win32.ActiveCfg = Debug|Win32
		{274642CE-B94C-4CF1-8CDF-25ED6B89409F}.Debug Faster|Win32.Build.0 = Debug|Win32
		{274642CE-B94C-4CF1-8CDF-25ED6B89409F}.Debug Faster|x64.ActiveCfg = Release|x64
		{274642CE-B94C-4CF1-8CDF-25ED6B89409F}.Debug Faster|x64.Build.0 = Release|x64
		{274642CE-B94C-4CF1-8CDF-25ED6B89409F}.Debug|Mixed Platforms.ActiveCfg = Debug|Win32
		{274642CE-B94C-4CF1-8CDF-25ED6B89409F}.Debug|Mixed Platforms.Build.0 = Debug|Win32
		{274642CE-B94C-4CF1-8CDF-25ED6B89409F}.Debug|Win32.ActiveCfg = Debug|Win32
		{274642CE-B94C-4CF1-8CDF-25ED6B89409F}.Debug|Win32.Build.0 = Debug|Win32
		{274642CE-B94C-4CF1-8CDF-25ED6B89409F}.Debug|x64.ActiveCfg = Debug|x64
		{274642CE-B94C-4CF1-8CDF-25ED6B89409F}.Debug|x64.Build.0 = Debug|x64
		{274642CE-B94C-4CF1-8CDF-25ED6B89409F}.Profile|Mixed Platforms.ActiveCfg = Release|Win32
		{274642CE-B94C-4CF1-8CDF-25ED6B89409F}.Profile|Mixed Platforms.Build.0 = Release|Win32
		{274642CE-B94C-4CF1-8CDF-25ED6B89409F}.Profile|Win32.ActiveCfg = Release|Win32
		{274642CE-B94C-4CF1-8CDF-25ED6B89409F}.Profile|Win32.Build.0 = Release|Win32
		{274642CE-B94C-4CF1-8CDF-25ED6B89409F}.Profile|x64.ActiveCfg = Release|x64
		{274642CE-B94C-4CF1-8CDF-25ED6B89409F}.Profile|x64.Build.0 = Release|x64
		{274642CE-B94C-4CF1-8CDF-25ED6B89409F}.Release_Laptop|Mixed Platforms.ActiveCfg = Release|Win32
		{274642CE-B94C-4CF1-8CDF-25ED6B89409F}.Release_Laptop|Mixed Platforms.Build.0 = Release|Win32
		{274642CE-B94C-4CF1-8CDF-25ED6B89409F}.Release_Laptop|Win32.ActiveCfg = Release|Win32
		{274642CE-B94C-4CF1-8CDF-25ED6B89409F}.Release_Laptop|Win32.Build.0 = Release|Win32
		{274642CE-B94C-4CF1-8CDF-25ED6B89409F}.Release_Laptop|x64.ActiveCfg = Release_Laptop|x64
		{274642CE-B94C-4CF1-8CDF-25ED6B89409F}.Release_Laptop|x64.Build.0 = Release_Laptop|x64
		{274642CE-B94C-4CF1-8CDF-25ED6B89409F}.Release_Timings|Mixed Platforms.ActiveCfg = Release|Win32
		{274642CE-B94C-4CF1-8CDF-25ED6B89409F}.Release_Timings|Mixed Platforms.Build.0 = Release|Win32
		{274642CE-B94C-4CF1-8CDF-25ED6B89409F}.Release_Timings|Win32.ActiveCfg = Release|Win32
		{274642CE-B94C-4CF1-8CDF-25ED6B89409F}.Release_Timings|Win32.Build.0 = Release|Win32
		{274642CE-B94C-4CF1-8CDF-25ED6B89409F}.Release_Timings|x64.ActiveCfg = Release|x64
		{274642CE-B94C-4CF1-8CDF-25ED6B89409F}.Release_Timings|x64.Build.0 = Release|x64
		{274642CE-B94C-4CF1-8CDF-25ED6B89409F}.Release|Mixed Platforms.ActiveCfg = Release|Win32
		{274642CE-B94C-4CF1-8CDF-25ED6B89409F}.Release|Mixed Platforms.Build.0 = Release|Win32
		{274642CE-B94C-4CF1-8CDF-25ED6B89409F}.Release|Win32.ActiveCfg = Release|Win32
		{274642CE-B94C-4CF1-8CDF-25ED6B89409F}.Release|Win32.Build.0 = Release|Win32
		{274642CE-B94C-4CF1-8CDF-25ED6B89409F}.Release|x64.ActiveCfg = Release|x64
		{274642CE-B94C-4CF1-8CDF-25ED6B89409F}.Release|x64.Build.0 = Release|x64
		{274642CE-B94C-4CF1-8CDF-25ED6B89409F}.Release2|Mixed Platforms.ActiveCfg = Release|Win32
		{274642CE-B94C-4CF1-8CDF-25ED6B89409F}.Release2|Mixed Platforms.Build.0 = Release|Win32
		{274642CE-B94C-4CF1-8CDF-25ED6B89409F}.Release2|Win32.ActiveCfg = Release|Win32
		{274642CE-B94C-4CF1-8CDF-25ED6B89409F}.Release2|Win32.Build.0 = Release|Win32
		{274642CE-B94C-4CF1-8CDF-25ED6B89409F}.Release2|x64.ActiveCfg = Release2|x64
		{274642CE-B94C-4CF1-8CDF-25ED6B89409F}.Release2|x64.Build.0 = Release2|x64
		{6AB4AE0A-A669-431C-9959-886BD5815234}.Debug Fast Shader|Mixed Platforms.ActiveCfg = Debug Fast Shader|Win32
		{6AB4AE0A-A669-431C-9959-886BD5815234}.Debug Fast Shader|Mixed Platforms.Build.0 = Debug Fast Shader|Win32
		{6AB4AE0A-A669-431C-9959-886BD5815234}.Debug Fast Shader|Win32.ActiveCfg = Debug Fast Shader|Win32
		{6AB4AE0A-A669-431C-9959-886BD5815234}.Debug Fast Shader|Win32.Build.0 = Debug Fast Shader|Win32
		{6AB4AE0A-A669-431C-9959-886BD5815234}.Debug Fast Shader|x64.ActiveCfg = Debug Fast Shader|x64
		{6AB4AE0A-A669-431C-9959-886BD5815234}.Debug Fast Shader|x64.Build.0 = Debug Fast Shader|x64
		{6AB4AE0A-A669-431C-9959-886BD5815234}.Debug Faster|Mixed Platforms.ActiveCfg = Debug Faster|Win32
		{6AB4AE0A-A669-431C-9959-886BD5815234}.Debug Faster|Mixed Platforms.Build.0 = Debug Faster|Win32
		{6AB4AE0A-A669-431C-9959-886BD5815234}.Debug Faster|Win32.ActiveCfg = Debug Faster|Win32
		{6AB4AE0A-A669-431C-9959-886BD5815234}.Debug Faster|Win32.Build.0 = Debug Faster|Win32
		{6AB4AE0A-A669-431C-9959-886BD5815234}.Debug Faster|x64.ActiveCfg = Debug Faster|x64
		{6AB4AE0A-A669-431C-9959-886BD5815234}.Debug Faster|x64.Build.0 = Debug Faster|x64
		{6AB4AE0A-A669-431C-9959-886BD5815234}.Debug|Mixed Platforms.ActiveCfg = Debug|Win32
		{6AB4AE0A-A669-431C-9959-886BD5815234}.Debug|Mixed Platforms.Build.0 = Debug|Win32
		{6AB4AE0A-A669-431C-9959-886BD5815234}.Debug|Win32.ActiveCfg = Debug|Win32
		{6AB4AE0A-A669-431C-9959-886BD5815234}.Debug|Win32.Build.0 = Debug|Win32
		{6AB4AE0A-A669-431C-9959-886BD5815234}.Debug|x64.ActiveCfg = Debug|x64
		{6AB4AE0A-A669-431C-9959-886BD5815234}.Debug|x64.Build.0 = Debug|x64
		{6AB4AE0A-A669-431C-9959-886BD5815234}.Profile|Mixed Platforms.ActiveCfg = Profile|Win32
		{6AB4AE0A-A669-431C-9959-886BD5815234}.Profile|Mixed Platforms.Build.0 = Profile|Win32
		{6AB4AE0A-A669-431C-9959-886BD5815234}.Profile|Win32.ActiveCfg = Profile|Win32
		{6AB4AE0A-A669-431C-9959-886BD5815234}.Profile|Win32.Build.0 = Profile|Win32
		{6AB4AE0A-A669-431C-9959-886BD5815234}.Profile|x64.ActiveCfg = Profile|x64
		{6AB4AE0A-A669-431C-9959-886BD5815234}.Profile|x64.Build.0 = Profile|x64
		{6AB4AE0A-A669-431C-9959-886BD5815234}.Release_Laptop|Mixed Platforms.ActiveCfg = Release_Laptop|Win32
		{6AB4AE0A-A669-431C-9959-886BD5815234}.Release_Laptop|Mixed Platforms.Build.0 = Release_Laptop|Win32
		{6AB4AE0A-A669-431C-9959-886BD5815234}.Release_Laptop|Win32.ActiveCfg = Release_Laptop|Win32
		{6AB4AE0A-A669-431C-9959-886BD5815234}.Release_Laptop|Win32.Build.0 = Release_Laptop|Win32
		{6AB4AE0A-A669-431C-9959-886BD5815234}.Release_Laptop|x64.ActiveCfg = Release_Laptop|x64
		{6AB4AE0A-A669-431C-9959-886BD5815234}.Release_Laptop|x64.Build.0 = Release_Laptop|x64
		{6AB4AE0A-A669-431C-9959-886BD5815234}.Release_Timings|Mixed Platforms.ActiveCfg = Release_Timings|Win32
		{6AB4AE0A-A669-431C-9959-886BD5815234}.Release_Timings|Mixed Platforms.Build.0 = Release_Timings|Win32
		{6AB4AE0A-A669-431C-9959-886BD5815234}.Release_Timings|Win32.ActiveCfg = Release_Timings|Win32
		{6AB4AE0A-A669-431C-9959-886BD5815234}.Release_Timings|Win32.Build.0 = Release_Timings|Win32
		{6AB4AE0A-A669-431C-9959-886BD5815234}.Release_Timings|x64.ActiveCfg = Release_Timings|x64
		{6AB4AE0A-A669-431C-9959-886BD5815234}.Release_Timings|x64.Build.0 = Release_Timings|x64
		{6AB4AE0A-A669-431C-9959-886BD5815234}.Release|Mixed Platforms.ActiveCfg = Release|Win32
		{6AB4AE0A-A669-431C-9959-886BD5815234}.Release|Mixed Platforms.Build.0 = Release|Win32
		{6AB4AE0A-A669-431C-9959-886BD5815234}.Release|Win32.ActiveCfg = Release|Win32
		{6AB4AE0A-A669-431C-9959-886BD5815234}.Release|Win32.Build.0 = Release|Win32
		{6AB4AE0A-A669-431C-9959-886BD5815234}.Release|x64.ActiveCfg = Release|x64
		{6AB4AE0A-A669-431C-9959-886BD5815234}.Release|x64.Build.0 = Release|x64
		{6AB4AE0A-A669-431C-9959-886BD5815234}.Release2|Mixed Platforms.ActiveCfg = Release2|Win32
		{6AB4AE0A-A669-431C-9959-886BD5815234}.Release2|Mixed Platforms.Build.0 = Release2|Win32
		{6AB4AE0A-A669-431C-9959-886BD5815234}.Release2|Win32.ActiveCfg = Release2|Win32
		{6AB4AE0A-A669-431C-9959-886BD5815234}.Release2|Win32.Build.0 = Release2|Win32
		{6AB4AE0A-A669-431C-9959-886BD5815234}.Release2|x64.ActiveCfg = Release2|x64
		{6AB4AE0A-A669-431C-9959-886BD5815234}.Release2|x64.Build.0 = Release2|x64
	EndGlobalSection
	GlobalSection(SolutionProperties) = preSolution
		HideSolutionNode = FALSE
	EndGlobalSection
	GlobalSection(ExtensibilityGlobals) = postSolution
		SolutionGuid = {D0361922-5EA5-411E-9A1D-CE3882A86ABC}
	EndGlobalSection
	GlobalSection(Performance) = preSolution
		HasPerformanceSessions = true
	EndGlobalSection
EndGlobal
